
Microsoft Visual Studio Solution File, Format Version 12.00
# Visual Studio Version 17
VisualStudioVersion = 17.7.34024.191
MinimumVisualStudioVersion = 10.0.40219.1
Project("{FAE04EC0-301F-11D3-BF4B-00C04F79EFBC}") = "FileServer", "FileServer\FileServer.csproj", "{9591882A-B820-4DA6-B329-035C5F278770}"
EndProject
Global
	GlobalSection(SolutionConfigurationPlatforms) = preSolution
		Debug|Any CPU = Debug|Any CPU
		Release|Any CPU = Release|Any CPU
	EndGlobalSection
	GlobalSection(ProjectConfigurationPlatforms) = postSolution
		{9591882A-B820-4DA6-B329-035C5F278770}.Debug|Any CPU.ActiveCfg = Debug|Any CPU
		{9591882A-B820-4DA6-B329-035C5F278770}.Debug|Any CPU.Build.0 = Debug|Any CPU
		{9591882A-B820-4DA6-B329-035C5F278770}.Release|Any CPU.ActiveCfg = Release|Any CPU
		{9591882A-B820-4DA6-B329-035C5F278770}.Release|Any CPU.Build.0 = Release|Any CPU
	EndGlobalSection
	GlobalSection(SolutionProperties) = preSolution
		HideSolutionNode = FALSE
	EndGlobalSection
	GlobalSection(ExtensibilityGlobals) = postSolution
		SolutionGuid = {7598BA5B-DDF7-44BA-80DD-E873F51F7A20}
	EndGlobalSection
EndGlobal
